uuid: 54a724e3-a027-4d3e-82ec-392157685dd7
langcode: en
status: true
dependencies:
  module:
    - social_post
    - system
  theme:
    - socialbase
_core:
  default_config_hash: P48P5vAKh5cdHENgfiw66njirMIylYzdKUN2jOQg00o
id: postblock
theme: socialbase
region: hidden
weight: -7
provider: null
plugin: post_block
settings:
  id: post_block
  label: 'Post block'
  label_display: '0'
  provider: social_post
visibility:
  request_path:
    id: request_path
    pages: /stream
    negate: false
    context_mapping: {  }
