uuid: bd1d065e-4373-42be-a870-23c5eb673083
langcode: en
status: true
dependencies:
  module:
    - social_user
    - user
  theme:
    - socialblue
_core:
  default_config_hash: '-IhZcKt9IHKiTwXC8sVC0jZ-1XWUKn5g0IsJAfs6O60'
id: socialblue_accountheaderblock
theme: socialblue
region: header
weight: 2
provider: null
plugin: account_header_block
settings:
  id: account_header_block
  label: 'Account header block'
  label_display: '0'
  provider: social_user
  context_mapping:
    user: '@user.current_user_context:current_user'
visibility:
  user_role:
    id: user_role
    roles:
      authenticated: authenticated
      administrator: administrator
    negate: false
    context_mapping:
      user: '@user.current_user_context:current_user'
