uuid: d49fee0a-f2e9-4f23-a016-91756a7fce43
langcode: en
status: true
dependencies:
  module:
    - social_event
    - system
  theme:
    - socialblue
_core:
  default_config_hash: pOz-j9GCewa6cTdNbFqnt20dPt-rruPLZUcGw22Xc24
id: socialblue_event_add_block
theme: socialblue
region: complementary_top
weight: -99
provider: null
plugin: event_add_block
settings:
  id: event_add_block
  label: 'Event add block'
  label_display: '0'
  provider: social_event
visibility:
  request_path:
    id: request_path
    pages: '/user/*/events'
    negate: false
    context_mapping: {  }
